{
  "name": "CANTINE-HEG",
  "lockfileVersion": 3,
  "requires": true,
  "packages": {
    "": {
      "dependencies": {
        "tailwindcss": "^4.1.16"
      },
      "devDependencies": {
        "daisyui": "^5.4.5"
      }
    },
    "node_modules/daisyui": {
      "version": "5.4.5",
      "resolved": "https://registry.npmjs.org/daisyui/-/daisyui-5.4.5.tgz",
      "integrity": "sha512-IPA3LESd0i1nC9/K4olTtVPf32G367MnRnd9xeekhS8SmdaXDc0o6L1eqnBGxuhSN7aQM0z7d3bJWNPdYEKMSw==",
      "dev": true,
      "license": "MIT",
      "funding": {
        "url": "https://github.com/saadeghi/daisyui?sponsor=1"
      }
    },
    "node_modules/tailwindcss": {
      "version": "4.1.16",
      "resolved": "https://registry.npmjs.org/tailwindcss/-/tailwindcss-4.1.16.tgz",
      "integrity": "sha512-pONL5awpaQX4LN5eiv7moSiSPd/DLDzKVRJz8Q9PgzmAdd1R4307GQS2ZpfiN7ZmekdQrfhZZiSE5jkLR4WNaA==",
      "license": "MIT"
    }
  }
}
